
Microsoft Visual Studio Solution File, Format Version 12.00
# Visual Studio 14
VisualStudioVersion = 14.0.24720.0
MinimumVisualStudioVersion = 10.0.40219.1
Project("{FAE04EC0-301F-11D3-BF4B-00C04F79EFBC}") = "TradeHub.Web", "TradeHub.Web\TradeHub.Web.csproj", "{8637E4C3-620F-4586-A353-8204A7D6DD6E}"
	ProjectSection(ProjectDependencies) = postProject
		{10DFD555-BF50-454E-B709-26D7A8369D7B} = {10DFD555-BF50-454E-B709-26D7A8369D7B}
	EndProjectSection
EndProject
Project("{FAE04EC0-301F-11D3-BF4B-00C04F79EFBC}") = "TradeHub.MarketPerformance", "TradeHub.MarketPerformance\TradeHub.MarketPerformance.csproj", "{10DFD555-BF50-454E-B709-26D7A8369D7B}"
	ProjectSection(ProjectDependencies) = postProject
		{1CA72D28-D75E-4A97-AD89-FF34FED88B64} = {1CA72D28-D75E-4A97-AD89-FF34FED88B64}
		{FF5A2E3A-2022-421F-86DE-DEEC7C3C33B2} = {FF5A2E3A-2022-421F-86DE-DEEC7C3C33B2}
	EndProjectSection
EndProject
Project("{FAE04EC0-301F-11D3-BF4B-00C04F79EFBC}") = "TradeHub.Database", "TradeHub.Database\TradeHub.Database.csproj", "{FF5A2E3A-2022-421F-86DE-DEEC7C3C33B2}"
EndProject
Project("{FAE04EC0-301F-11D3-BF4B-00C04F79EFBC}") = "TradeHub.Core.Model", "TradeHub.Core.Model\TradeHub.Core.Model.csproj", "{1CA72D28-D75E-4A97-AD89-FF34FED88B64}"
EndProject
Global
	GlobalSection(SolutionConfigurationPlatforms) = preSolution
		Debug|Any CPU = Debug|Any CPU
		Release|Any CPU = Release|Any CPU
	EndGlobalSection
	GlobalSection(ProjectConfigurationPlatforms) = postSolution
		{8637E4C3-620F-4586-A353-8204A7D6DD6E}.Debug|Any CPU.ActiveCfg = Debug|Any CPU
		{8637E4C3-620F-4586-A353-8204A7D6DD6E}.Debug|Any CPU.Build.0 = Debug|Any CPU
		{8637E4C3-620F-4586-A353-8204A7D6DD6E}.Release|Any CPU.ActiveCfg = Release|Any CPU
		{8637E4C3-620F-4586-A353-8204A7D6DD6E}.Release|Any CPU.Build.0 = Release|Any CPU
		{10DFD555-BF50-454E-B709-26D7A8369D7B}.Debug|Any CPU.ActiveCfg = Debug|Any CPU
		{10DFD555-BF50-454E-B709-26D7A8369D7B}.Debug|Any CPU.Build.0 = Debug|Any CPU
		{10DFD555-BF50-454E-B709-26D7A8369D7B}.Release|Any CPU.ActiveCfg = Release|Any CPU
		{10DFD555-BF50-454E-B709-26D7A8369D7B}.Release|Any CPU.Build.0 = Release|Any CPU
		{FF5A2E3A-2022-421F-86DE-DEEC7C3C33B2}.Debug|Any CPU.ActiveCfg = Debug|Any CPU
		{FF5A2E3A-2022-421F-86DE-DEEC7C3C33B2}.Debug|Any CPU.Build.0 = Debug|Any CPU
		{FF5A2E3A-2022-421F-86DE-DEEC7C3C33B2}.Release|Any CPU.ActiveCfg = Release|Any CPU
		{FF5A2E3A-2022-421F-86DE-DEEC7C3C33B2}.Release|Any CPU.Build.0 = Release|Any CPU
		{1CA72D28-D75E-4A97-AD89-FF34FED88B64}.Debug|Any CPU.ActiveCfg = Debug|Any CPU
		{1CA72D28-D75E-4A97-AD89-FF34FED88B64}.Debug|Any CPU.Build.0 = Debug|Any CPU
		{1CA72D28-D75E-4A97-AD89-FF34FED88B64}.Release|Any CPU.ActiveCfg = Release|Any CPU
		{1CA72D28-D75E-4A97-AD89-FF34FED88B64}.Release|Any CPU.Build.0 = Release|Any CPU
	EndGlobalSection
	GlobalSection(SolutionProperties) = preSolution
		HideSolutionNode = FALSE
	EndGlobalSection
EndGlobal
