
Microsoft Visual Studio Solution File, Format Version 12.00
# Visual Studio Version 16
VisualStudioVersion = 16.0.30711.63
MinimumVisualStudioVersion = 10.0.40219.1
Project("{9A19103F-16F7-4668-BE54-9A1E7A4F7556}") = "TradeHub.MarketPerformance", "TradeHub.MarketPerformance\TradeHub.MarketPerformance.csproj", "{10DFD555-BF50-454E-B709-26D7A8369D7B}"
	ProjectSection(ProjectDependencies) = postProject
		{1CA72D28-D75E-4A97-AD89-FF34FED88B64} = {1CA72D28-D75E-4A97-AD89-FF34FED88B64}
		{FF5A2E3A-2022-421F-86DE-DEEC7C3C33B2} = {FF5A2E3A-2022-421F-86DE-DEEC7C3C33B2}
	EndProjectSection
EndProject
Project("{9A19103F-16F7-4668-BE54-9A1E7A4F7556}") = "TradeHub.Database", "TradeHub.Database\TradeHub.Database.csproj", "{FF5A2E3A-2022-421F-86DE-DEEC7C3C33B2}"
EndProject
Project("{9A19103F-16F7-4668-BE54-9A1E7A4F7556}") = "TradeHub.Core.Model", "TradeHub.Core.Model\TradeHub.Core.Model.csproj", "{1CA72D28-D75E-4A97-AD89-FF34FED88B64}"
EndProject
Global
	GlobalSection(SolutionConfigurationPlatforms) = preSolution
		Debug|Any CPU = Debug|Any CPU
		Release|Any CPU = Release|Any CPU
	EndGlobalSection
	GlobalSection(ProjectConfigurationPlatforms) = postSolution
		{10DFD555-BF50-454E-B709-26D7A8369D7B}.Debug|Any CPU.ActiveCfg = Debug|Any CPU
		{10DFD555-BF50-454E-B709-26D7A8369D7B}.Debug|Any CPU.Build.0 = Debug|Any CPU
		{10DFD555-BF50-454E-B709-26D7A8369D7B}.Release|Any CPU.ActiveCfg = Release|Any CPU
		{10DFD555-BF50-454E-B709-26D7A8369D7B}.Release|Any CPU.Build.0 = Release|Any CPU
		{FF5A2E3A-2022-421F-86DE-DEEC7C3C33B2}.Debug|Any CPU.ActiveCfg = Debug|Any CPU
		{FF5A2E3A-2022-421F-86DE-DEEC7C3C33B2}.Debug|Any CPU.Build.0 = Debug|Any CPU
		{FF5A2E3A-2022-421F-86DE-DEEC7C3C33B2}.Release|Any CPU.ActiveCfg = Release|Any CPU
		{FF5A2E3A-2022-421F-86DE-DEEC7C3C33B2}.Release|Any CPU.Build.0 = Release|Any CPU
		{1CA72D28-D75E-4A97-AD89-FF34FED88B64}.Debug|Any CPU.ActiveCfg = Debug|Any CPU
		{1CA72D28-D75E-4A97-AD89-FF34FED88B64}.Debug|Any CPU.Build.0 = Debug|Any CPU
		{1CA72D28-D75E-4A97-AD89-FF34FED88B64}.Release|Any CPU.ActiveCfg = Release|Any CPU
		{1CA72D28-D75E-4A97-AD89-FF34FED88B64}.Release|Any CPU.Build.0 = Release|Any CPU
	EndGlobalSection
	GlobalSection(SolutionProperties) = preSolution
		HideSolutionNode = FALSE
	EndGlobalSection
	GlobalSection(ExtensibilityGlobals) = postSolution
		SolutionGuid = {BCF56E8E-9B53-430C-B4FF-D082E493438F}
	EndGlobalSection
EndGlobal
